
Microsoft Visual Studio Solution File, Format Version 12.00
# Visual Studio Version 17
VisualStudioVersion = 17.5.33516.290
MinimumVisualStudioVersion = 10.0.40219.1
Project("{FAE04EC0-301F-11D3-BF4B-00C04F79EFBC}") = "1-04 Clase 1", "1-04 Clase 1\1-04 Clase 1.csproj", "{05AC9E7D-1D8F-4F25-9F30-3B3178506EA1}"
EndProject
Global
	GlobalSection(SolutionConfigurationPlatforms) = preSolution
		Debug|Any CPU = Debug|Any CPU
		Release|Any CPU = Release|Any CPU
	EndGlobalSection
	GlobalSection(ProjectConfigurationPlatforms) = postSolution
		{05AC9E7D-1D8F-4F25-9F30-3B3178506EA1}.Debug|Any CPU.ActiveCfg = Debug|Any CPU
		{05AC9E7D-1D8F-4F25-9F30-3B3178506EA1}.Debug|Any CPU.Build.0 = Debug|Any CPU
		{05AC9E7D-1D8F-4F25-9F30-3B3178506EA1}.Release|Any CPU.ActiveCfg = Release|Any CPU
		{05AC9E7D-1D8F-4F25-9F30-3B3178506EA1}.Release|Any CPU.Build.0 = Release|Any CPU
	EndGlobalSection
	GlobalSection(SolutionProperties) = preSolution
		HideSolutionNode = FALSE
	EndGlobalSection
	GlobalSection(ExtensibilityGlobals) = postSolution
		SolutionGuid = {C566E68D-1EC4-4F0B-8F60-E1B83F40F097}
	EndGlobalSection
EndGlobal
