
Microsoft Visual Studio Solution File, Format Version 12.00
# Visual Studio Version 17
VisualStudioVersion = 17.5.33516.290
MinimumVisualStudioVersion = 10.0.40219.1
Project("{9A19103F-16F7-4668-BE54-9A1E7A4F7556}") = "Apuntes 01", "Apuntes 01.csproj", "{728896EE-6C14-46BA-B9DD-9F921A8B4F2D}"
EndProject
Project("{2150E333-8FDC-42A3-9474-1A3956D46DE8}") = "Ejercicios", "Ejercicios", "{D4AA7A09-242B-4D5F-91C6-FF711F407F1D}"
EndProject
Project("{9A19103F-16F7-4668-BE54-9A1E7A4F7556}") = "Ejercicio 1 Máximo, mínimo y promedio", "..\ejercicios 2 Clase\Ejercicio 1 Máximo, mínimo y promedio.csproj", "{28ACE21D-BA2C-498D-8EC7-7748C29E2E6A}"
EndProject
Project("{9A19103F-16F7-4668-BE54-9A1E7A4F7556}") = "Ejercico 2 Error al cubo", "..\Ejercico 2\Ejercico 2 Error al cubo.csproj", "{E2DC345A-6E27-4EE1-B3FC-4CAA5ADC8EE3}"
EndProject
Project("{9A19103F-16F7-4668-BE54-9A1E7A4F7556}") = "Ejercicio 3 Los primos", "..\Ejercicio 3 Los primos\Ejercicio 3 Los primos.csproj", "{18A38C08-7B22-48CE-809C-DD98366E096C}"
EndProject
Project("{2150E333-8FDC-42A3-9474-1A3956D46DE8}") = "Apuntes", "Apuntes", "{9B073285-55F2-4AF5-AC36-5396A671FFA3}"
EndProject
Project("{9A19103F-16F7-4668-BE54-9A1E7A4F7556}") = "Apuntes 02", "..\Apuntes Clase 2\Apuntes 02.csproj", "{9A749947-5179-4281-B169-5636AEFD5B5A}"
EndProject
Project("{2150E333-8FDC-42A3-9474-1A3956D46DE8}") = "2-Clases y métodos estáticos", "2-Clases y métodos estáticos", "{5085BD40-17C2-4E11-B3E4-99FA18E9EC58}"
EndProject
Project("{9A19103F-16F7-4668-BE54-9A1E7A4F7556}") = "Ejercicio I01 - Validador de rangos", "..\Ejercicio I01 - Validador de rangos\Ejercicio I01 - Validador de rangos.csproj", "{8BF964BD-8B32-4AEC-9BAE-DEB8E0BAFAB7}"
EndProject
Project("{2150E333-8FDC-42A3-9474-1A3956D46DE8}") = "1-Introducción a .NET y C#", "1-Introducción a .NET y C#", "{9C7649FE-0E12-4F19-890F-56E77B043E99}"
EndProject
Project("{9A19103F-16F7-4668-BE54-9A1E7A4F7556}") = "Ejercicio I02 - Desea continuar", "..\Ejercicio I02 - Desea continuar\Ejercicio I02 - Desea continuar.csproj", "{07B119DF-2F04-4114-B491-590CF4245CE3}"
EndProject
Project("{9A19103F-16F7-4668-BE54-9A1E7A4F7556}") = "Ejercicio I03 - Conversor binario", "..\Ejercicio I03 - Conversor binario\Ejercicio I03 - Conversor binario.csproj", "{9F8B73B9-D3D9-48CA-8326-8F632ED5B69B}"
EndProject
Project("{9A19103F-16F7-4668-BE54-9A1E7A4F7556}") = "Ejercicio I04 - La calculadora", "..\Ejercicio I04 - La calculadora\Ejercicio I04 - La calculadora.csproj", "{94AD7783-288D-4ED6-B701-D12C2432763C}"
EndProject
Project("{9A19103F-16F7-4668-BE54-9A1E7A4F7556}") = "Ejercicio I05 - Aprendete las tablas", "..\Ejercicio I05 - Aprendete las tablas\Ejercicio I05 - Aprendete las tablas.csproj", "{62530AC9-F247-4422-87B7-0C82440940DE}"
EndProject
Project("{9A19103F-16F7-4668-BE54-9A1E7A4F7556}") = "Apuntes 03", "..\Apuntes 03\Apuntes 03.csproj", "{2780B643-0B26-4C6F-A4DA-C779CEDB615A}"
EndProject
Project("{2150E333-8FDC-42A3-9474-1A3956D46DE8}") = "3-Programación orientada a objetos", "3-Programación orientada a objetos", "{B677CAC6-2C23-4A06-BE1F-A42253957476}"
EndProject
Project("{9A19103F-16F7-4668-BE54-9A1E7A4F7556}") = "Ejercicio I01 - Creo que necesito un préstamo", "..\Ejercicio I01 - Creo que necesito un préstamo\Ejercicio I01 - Creo que necesito un préstamo.csproj", "{CB630B1F-E120-4000-AC97-7B7BDDDA7A7C}"
EndProject
Project("{9A19103F-16F7-4668-BE54-9A1E7A4F7556}") = "Ejercicio I02 - Vos cuántas primaveras tenés", "..\Ejercicio I02 - Vos cuántas primaveras tenés\Ejercicio I02 - Vos cuántas primaveras tenés.csproj", "{D4C5BD59-9BB2-4587-8875-30C216FA298A}"
EndProject
Project("{9A19103F-16F7-4668-BE54-9A1E7A4F7556}") = "Ejercicio I03 - El ejemplo universal", "..\Ejercicio I03 - El ejemplo universal\Ejercicio I03 - El ejemplo universal.csproj", "{17640D91-678D-4DB6-AF4F-A078D8224528}"
EndProject
Project("{9A19103F-16F7-4668-BE54-9A1E7A4F7556}") = "Ejercicio I04 - Invento argentino", "..\Ejercicio I04 - Invento argentino\Ejercicio I04 - Invento argentino.csproj", "{5D56EC73-4AFA-4D43-9F40-D81AC0F08553}"
EndProject
Project("{9A19103F-16F7-4668-BE54-9A1E7A4F7556}") = "Apuntes 04", "..\Apuntes 04\Apuntes 04.csproj", "{AF859FB1-A29E-493F-88DD-0999E941144E}"
EndProject
Project("{2150E333-8FDC-42A3-9474-1A3956D46DE8}") = "4-Sobrecarga", "4-Sobrecarga", "{5C5EC32F-E9B9-4F18-8FA3-1022AD65C9B7}"
EndProject
Project("{9A19103F-16F7-4668-BE54-9A1E7A4F7556}") = "Ejercicio I01 - Sumador", "..\Ejercicio I01 - Sumador\Ejercicio I01 - Sumador.csproj", "{8E2E9E30-ACCE-421A-974E-7596504CF938}"
EndProject
Project("{9A19103F-16F7-4668-BE54-9A1E7A4F7556}") = "Billetes", "..\Ejercicio I02 - Cotizador\Billetes.csproj", "{FC9D5CEB-169E-470C-8C07-F53BC7B47951}"
EndProject
Project("{9A19103F-16F7-4668-BE54-9A1E7A4F7556}") = "Ejercicio C01 - Conversor binario recargado", "..\Ejercicio C01 - Conversor binario recargado\Ejercicio C01 - Conversor binario recargado.csproj", "{72217C70-54C8-45FD-87FA-A93A36E47E0E}"
EndProject
Project("{9A19103F-16F7-4668-BE54-9A1E7A4F7556}") = "Ejercicio C02 - La estantería", "..\Ejercicio C02 - La estantería\Ejercicio C02 - La estantería.csproj", "{F6583471-5294-412A-BC49-30FB83E1E10B}"
EndProject
Project("{9A19103F-16F7-4668-BE54-9A1E7A4F7556}") = "Ejercicio A01 - Fahrenheit 451", "..\Ejercicio A01 - Fahrenheit 451\Ejercicio A01 - Fahrenheit 451.csproj", "{6051B166-49D9-47CC-8892-8DE5CCD503F4}"
EndProject
Project("{FAE04EC0-301F-11D3-BF4B-00C04F79EFBC}") = "Ejercicio A02 - La veterinaria", "..\Ejercicio A02 - La veterinaria\Ejercicio A02 - La veterinaria.csproj", "{84F4F6E2-1799-4189-856A-EC2ED426B0BE}"
EndProject
Project("{FAE04EC0-301F-11D3-BF4B-00C04F79EFBC}") = "Apuntes 05", "..\Apuntes 05\Apuntes 05.csproj", "{5C26AAC2-E973-422C-9D8F-913C76E8E281}"
EndProject
Global
	GlobalSection(SolutionConfigurationPlatforms) = preSolution
		Debug|Any CPU = Debug|Any CPU
		Release|Any CPU = Release|Any CPU
	EndGlobalSection
	GlobalSection(ProjectConfigurationPlatforms) = postSolution
		{728896EE-6C14-46BA-B9DD-9F921A8B4F2D}.Debug|Any CPU.ActiveCfg = Debug|Any CPU
		{728896EE-6C14-46BA-B9DD-9F921A8B4F2D}.Debug|Any CPU.Build.0 = Debug|Any CPU
		{728896EE-6C14-46BA-B9DD-9F921A8B4F2D}.Release|Any CPU.ActiveCfg = Release|Any CPU
		{728896EE-6C14-46BA-B9DD-9F921A8B4F2D}.Release|Any CPU.Build.0 = Release|Any CPU
		{28ACE21D-BA2C-498D-8EC7-7748C29E2E6A}.Debug|Any CPU.ActiveCfg = Debug|Any CPU
		{28ACE21D-BA2C-498D-8EC7-7748C29E2E6A}.Debug|Any CPU.Build.0 = Debug|Any CPU
		{28ACE21D-BA2C-498D-8EC7-7748C29E2E6A}.Release|Any CPU.ActiveCfg = Release|Any CPU
		{28ACE21D-BA2C-498D-8EC7-7748C29E2E6A}.Release|Any CPU.Build.0 = Release|Any CPU
		{E2DC345A-6E27-4EE1-B3FC-4CAA5ADC8EE3}.Debug|Any CPU.ActiveCfg = Debug|Any CPU
		{E2DC345A-6E27-4EE1-B3FC-4CAA5ADC8EE3}.Debug|Any CPU.Build.0 = Debug|Any CPU
		{E2DC345A-6E27-4EE1-B3FC-4CAA5ADC8EE3}.Release|Any CPU.ActiveCfg = Release|Any CPU
		{E2DC345A-6E27-4EE1-B3FC-4CAA5ADC8EE3}.Release|Any CPU.Build.0 = Release|Any CPU
		{18A38C08-7B22-48CE-809C-DD98366E096C}.Debug|Any CPU.ActiveCfg = Debug|Any CPU
		{18A38C08-7B22-48CE-809C-DD98366E096C}.Debug|Any CPU.Build.0 = Debug|Any CPU
		{18A38C08-7B22-48CE-809C-DD98366E096C}.Release|Any CPU.ActiveCfg = Release|Any CPU
		{18A38C08-7B22-48CE-809C-DD98366E096C}.Release|Any CPU.Build.0 = Release|Any CPU
		{9A749947-5179-4281-B169-5636AEFD5B5A}.Debug|Any CPU.ActiveCfg = Debug|Any CPU
		{9A749947-5179-4281-B169-5636AEFD5B5A}.Debug|Any CPU.Build.0 = Debug|Any CPU
		{9A749947-5179-4281-B169-5636AEFD5B5A}.Release|Any CPU.ActiveCfg = Release|Any CPU
		{9A749947-5179-4281-B169-5636AEFD5B5A}.Release|Any CPU.Build.0 = Release|Any CPU
		{8BF964BD-8B32-4AEC-9BAE-DEB8E0BAFAB7}.Debug|Any CPU.ActiveCfg = Debug|Any CPU
		{8BF964BD-8B32-4AEC-9BAE-DEB8E0BAFAB7}.Debug|Any CPU.Build.0 = Debug|Any CPU
		{8BF964BD-8B32-4AEC-9BAE-DEB8E0BAFAB7}.Release|Any CPU.ActiveCfg = Release|Any CPU
		{8BF964BD-8B32-4AEC-9BAE-DEB8E0BAFAB7}.Release|Any CPU.Build.0 = Release|Any CPU
		{07B119DF-2F04-4114-B491-590CF4245CE3}.Debug|Any CPU.ActiveCfg = Debug|Any CPU
		{07B119DF-2F04-4114-B491-590CF4245CE3}.Debug|Any CPU.Build.0 = Debug|Any CPU
		{07B119DF-2F04-4114-B491-590CF4245CE3}.Release|Any CPU.ActiveCfg = Release|Any CPU
		{07B119DF-2F04-4114-B491-590CF4245CE3}.Release|Any CPU.Build.0 = Release|Any CPU
		{9F8B73B9-D3D9-48CA-8326-8F632ED5B69B}.Debug|Any CPU.ActiveCfg = Debug|Any CPU
		{9F8B73B9-D3D9-48CA-8326-8F632ED5B69B}.Debug|Any CPU.Build.0 = Debug|Any CPU
		{9F8B73B9-D3D9-48CA-8326-8F632ED5B69B}.Release|Any CPU.ActiveCfg = Release|Any CPU
		{9F8B73B9-D3D9-48CA-8326-8F632ED5B69B}.Release|Any CPU.Build.0 = Release|Any CPU
		{94AD7783-288D-4ED6-B701-D12C2432763C}.Debug|Any CPU.ActiveCfg = Debug|Any CPU
		{94AD7783-288D-4ED6-B701-D12C2432763C}.Debug|Any CPU.Build.0 = Debug|Any CPU
		{94AD7783-288D-4ED6-B701-D12C2432763C}.Release|Any CPU.ActiveCfg = Release|Any CPU
		{94AD7783-288D-4ED6-B701-D12C2432763C}.Release|Any CPU.Build.0 = Release|Any CPU
		{62530AC9-F247-4422-87B7-0C82440940DE}.Debug|Any CPU.ActiveCfg = Debug|Any CPU
		{62530AC9-F247-4422-87B7-0C82440940DE}.Debug|Any CPU.Build.0 = Debug|Any CPU
		{62530AC9-F247-4422-87B7-0C82440940DE}.Release|Any CPU.ActiveCfg = Release|Any CPU
		{62530AC9-F247-4422-87B7-0C82440940DE}.Release|Any CPU.Build.0 = Release|Any CPU
		{2780B643-0B26-4C6F-A4DA-C779CEDB615A}.Debug|Any CPU.ActiveCfg = Debug|Any CPU
		{2780B643-0B26-4C6F-A4DA-C779CEDB615A}.Debug|Any CPU.Build.0 = Debug|Any CPU
		{2780B643-0B26-4C6F-A4DA-C779CEDB615A}.Release|Any CPU.ActiveCfg = Release|Any CPU
		{2780B643-0B26-4C6F-A4DA-C779CEDB615A}.Release|Any CPU.Build.0 = Release|Any CPU
		{CB630B1F-E120-4000-AC97-7B7BDDDA7A7C}.Debug|Any CPU.ActiveCfg = Debug|Any CPU
		{CB630B1F-E120-4000-AC97-7B7BDDDA7A7C}.Debug|Any CPU.Build.0 = Debug|Any CPU
		{CB630B1F-E120-4000-AC97-7B7BDDDA7A7C}.Release|Any CPU.ActiveCfg = Release|Any CPU
		{CB630B1F-E120-4000-AC97-7B7BDDDA7A7C}.Release|Any CPU.Build.0 = Release|Any CPU
		{D4C5BD59-9BB2-4587-8875-30C216FA298A}.Debug|Any CPU.ActiveCfg = Debug|Any CPU
		{D4C5BD59-9BB2-4587-8875-30C216FA298A}.Debug|Any CPU.Build.0 = Debug|Any CPU
		{D4C5BD59-9BB2-4587-8875-30C216FA298A}.Release|Any CPU.ActiveCfg = Release|Any CPU
		{D4C5BD59-9BB2-4587-8875-30C216FA298A}.Release|Any CPU.Build.0 = Release|Any CPU
		{17640D91-678D-4DB6-AF4F-A078D8224528}.Debug|Any CPU.ActiveCfg = Debug|Any CPU
		{17640D91-678D-4DB6-AF4F-A078D8224528}.Debug|Any CPU.Build.0 = Debug|Any CPU
		{17640D91-678D-4DB6-AF4F-A078D8224528}.Release|Any CPU.ActiveCfg = Release|Any CPU
		{17640D91-678D-4DB6-AF4F-A078D8224528}.Release|Any CPU.Build.0 = Release|Any CPU
		{5D56EC73-4AFA-4D43-9F40-D81AC0F08553}.Debug|Any CPU.ActiveCfg = Debug|Any CPU
		{5D56EC73-4AFA-4D43-9F40-D81AC0F08553}.Debug|Any CPU.Build.0 = Debug|Any CPU
		{5D56EC73-4AFA-4D43-9F40-D81AC0F08553}.Release|Any CPU.ActiveCfg = Release|Any CPU
		{5D56EC73-4AFA-4D43-9F40-D81AC0F08553}.Release|Any CPU.Build.0 = Release|Any CPU
		{AF859FB1-A29E-493F-88DD-0999E941144E}.Debug|Any CPU.ActiveCfg = Debug|Any CPU
		{AF859FB1-A29E-493F-88DD-0999E941144E}.Debug|Any CPU.Build.0 = Debug|Any CPU
		{AF859FB1-A29E-493F-88DD-0999E941144E}.Release|Any CPU.ActiveCfg = Release|Any CPU
		{AF859FB1-A29E-493F-88DD-0999E941144E}.Release|Any CPU.Build.0 = Release|Any CPU
		{8E2E9E30-ACCE-421A-974E-7596504CF938}.Debug|Any CPU.ActiveCfg = Debug|Any CPU
		{8E2E9E30-ACCE-421A-974E-7596504CF938}.Debug|Any CPU.Build.0 = Debug|Any CPU
		{8E2E9E30-ACCE-421A-974E-7596504CF938}.Release|Any CPU.ActiveCfg = Release|Any CPU
		{8E2E9E30-ACCE-421A-974E-7596504CF938}.Release|Any CPU.Build.0 = Release|Any CPU
		{FC9D5CEB-169E-470C-8C07-F53BC7B47951}.Debug|Any CPU.ActiveCfg = Debug|Any CPU
		{FC9D5CEB-169E-470C-8C07-F53BC7B47951}.Debug|Any CPU.Build.0 = Debug|Any CPU
		{FC9D5CEB-169E-470C-8C07-F53BC7B47951}.Release|Any CPU.ActiveCfg = Release|Any CPU
		{FC9D5CEB-169E-470C-8C07-F53BC7B47951}.Release|Any CPU.Build.0 = Release|Any CPU
		{72217C70-54C8-45FD-87FA-A93A36E47E0E}.Debug|Any CPU.ActiveCfg = Debug|Any CPU
		{72217C70-54C8-45FD-87FA-A93A36E47E0E}.Debug|Any CPU.Build.0 = Debug|Any CPU
		{72217C70-54C8-45FD-87FA-A93A36E47E0E}.Release|Any CPU.ActiveCfg = Release|Any CPU
		{72217C70-54C8-45FD-87FA-A93A36E47E0E}.Release|Any CPU.Build.0 = Release|Any CPU
		{F6583471-5294-412A-BC49-30FB83E1E10B}.Debug|Any CPU.ActiveCfg = Debug|Any CPU
		{F6583471-5294-412A-BC49-30FB83E1E10B}.Debug|Any CPU.Build.0 = Debug|Any CPU
		{F6583471-5294-412A-BC49-30FB83E1E10B}.Release|Any CPU.ActiveCfg = Release|Any CPU
		{F6583471-5294-412A-BC49-30FB83E1E10B}.Release|Any CPU.Build.0 = Release|Any CPU
		{6051B166-49D9-47CC-8892-8DE5CCD503F4}.Debug|Any CPU.ActiveCfg = Debug|Any CPU
		{6051B166-49D9-47CC-8892-8DE5CCD503F4}.Debug|Any CPU.Build.0 = Debug|Any CPU
		{6051B166-49D9-47CC-8892-8DE5CCD503F4}.Release|Any CPU.ActiveCfg = Release|Any CPU
		{6051B166-49D9-47CC-8892-8DE5CCD503F4}.Release|Any CPU.Build.0 = Release|Any CPU
		{84F4F6E2-1799-4189-856A-EC2ED426B0BE}.Debug|Any CPU.ActiveCfg = Debug|Any CPU
		{84F4F6E2-1799-4189-856A-EC2ED426B0BE}.Debug|Any CPU.Build.0 = Debug|Any CPU
		{84F4F6E2-1799-4189-856A-EC2ED426B0BE}.Release|Any CPU.ActiveCfg = Release|Any CPU
		{84F4F6E2-1799-4189-856A-EC2ED426B0BE}.Release|Any CPU.Build.0 = Release|Any CPU
		{5C26AAC2-E973-422C-9D8F-913C76E8E281}.Debug|Any CPU.ActiveCfg = Debug|Any CPU
		{5C26AAC2-E973-422C-9D8F-913C76E8E281}.Debug|Any CPU.Build.0 = Debug|Any CPU
		{5C26AAC2-E973-422C-9D8F-913C76E8E281}.Release|Any CPU.ActiveCfg = Release|Any CPU
		{5C26AAC2-E973-422C-9D8F-913C76E8E281}.Release|Any CPU.Build.0 = Release|Any CPU
	EndGlobalSection
	GlobalSection(SolutionProperties) = preSolution
		HideSolutionNode = FALSE
	EndGlobalSection
	GlobalSection(NestedProjects) = preSolution
		{728896EE-6C14-46BA-B9DD-9F921A8B4F2D} = {9B073285-55F2-4AF5-AC36-5396A671FFA3}
		{28ACE21D-BA2C-498D-8EC7-7748C29E2E6A} = {9C7649FE-0E12-4F19-890F-56E77B043E99}
		{E2DC345A-6E27-4EE1-B3FC-4CAA5ADC8EE3} = {9C7649FE-0E12-4F19-890F-56E77B043E99}
		{18A38C08-7B22-48CE-809C-DD98366E096C} = {9C7649FE-0E12-4F19-890F-56E77B043E99}
		{9A749947-5179-4281-B169-5636AEFD5B5A} = {9B073285-55F2-4AF5-AC36-5396A671FFA3}
		{5085BD40-17C2-4E11-B3E4-99FA18E9EC58} = {D4AA7A09-242B-4D5F-91C6-FF711F407F1D}
		{8BF964BD-8B32-4AEC-9BAE-DEB8E0BAFAB7} = {5085BD40-17C2-4E11-B3E4-99FA18E9EC58}
		{9C7649FE-0E12-4F19-890F-56E77B043E99} = {D4AA7A09-242B-4D5F-91C6-FF711F407F1D}
		{07B119DF-2F04-4114-B491-590CF4245CE3} = {5085BD40-17C2-4E11-B3E4-99FA18E9EC58}
		{9F8B73B9-D3D9-48CA-8326-8F632ED5B69B} = {5085BD40-17C2-4E11-B3E4-99FA18E9EC58}
		{94AD7783-288D-4ED6-B701-D12C2432763C} = {5085BD40-17C2-4E11-B3E4-99FA18E9EC58}
		{62530AC9-F247-4422-87B7-0C82440940DE} = {5085BD40-17C2-4E11-B3E4-99FA18E9EC58}
		{2780B643-0B26-4C6F-A4DA-C779CEDB615A} = {9B073285-55F2-4AF5-AC36-5396A671FFA3}
		{B677CAC6-2C23-4A06-BE1F-A42253957476} = {D4AA7A09-242B-4D5F-91C6-FF711F407F1D}
		{CB630B1F-E120-4000-AC97-7B7BDDDA7A7C} = {B677CAC6-2C23-4A06-BE1F-A42253957476}
		{D4C5BD59-9BB2-4587-8875-30C216FA298A} = {B677CAC6-2C23-4A06-BE1F-A42253957476}
		{17640D91-678D-4DB6-AF4F-A078D8224528} = {B677CAC6-2C23-4A06-BE1F-A42253957476}
		{5D56EC73-4AFA-4D43-9F40-D81AC0F08553} = {B677CAC6-2C23-4A06-BE1F-A42253957476}
		{AF859FB1-A29E-493F-88DD-0999E941144E} = {9B073285-55F2-4AF5-AC36-5396A671FFA3}
		{5C5EC32F-E9B9-4F18-8FA3-1022AD65C9B7} = {D4AA7A09-242B-4D5F-91C6-FF711F407F1D}
		{8E2E9E30-ACCE-421A-974E-7596504CF938} = {5C5EC32F-E9B9-4F18-8FA3-1022AD65C9B7}
		{FC9D5CEB-169E-470C-8C07-F53BC7B47951} = {5C5EC32F-E9B9-4F18-8FA3-1022AD65C9B7}
		{72217C70-54C8-45FD-87FA-A93A36E47E0E} = {5C5EC32F-E9B9-4F18-8FA3-1022AD65C9B7}
		{F6583471-5294-412A-BC49-30FB83E1E10B} = {5C5EC32F-E9B9-4F18-8FA3-1022AD65C9B7}
		{6051B166-49D9-47CC-8892-8DE5CCD503F4} = {5C5EC32F-E9B9-4F18-8FA3-1022AD65C9B7}
		{84F4F6E2-1799-4189-856A-EC2ED426B0BE} = {B677CAC6-2C23-4A06-BE1F-A42253957476}
		{5C26AAC2-E973-422C-9D8F-913C76E8E281} = {9B073285-55F2-4AF5-AC36-5396A671FFA3}
	EndGlobalSection
	GlobalSection(ExtensibilityGlobals) = postSolution
		SolutionGuid = {385D22E9-13AB-44AD-B2F8-44B9BB89087C}
	EndGlobalSection
EndGlobal
